
Microsoft Visual Studio Solution File, Format Version 12.00
# Visual Studio 14
VisualStudioVersion = 14.0.24720.0
MinimumVisualStudioVersion = 10.0.40219.1
Project("{FAE04EC0-301F-11D3-BF4B-00C04F79EFBC}") = "OMQ_Client", "OMQ_Client\OMQ_Client.csproj", "{4ADC4597-BC52-4F83-BD32-A7FD4E15CF5F}"
EndProject
Project("{FAE04EC0-301F-11D3-BF4B-00C04F79EFBC}") = "OMQ_Server", "OMQ_Server\OMQ_Server.csproj", "{5D7EA24C-6CB9-45EF-A0B1-BB8C486ED148}"
EndProject
Project("{FAE04EC0-301F-11D3-BF4B-00C04F79EFBC}") = "NetMQ_Pub", "NetMQ_Pub\NetMQ_Pub.csproj", "{AA47F7F6-D7B6-4885-A08B-EFEA0B7C4919}"
EndProject
Project("{FAE04EC0-301F-11D3-BF4B-00C04F79EFBC}") = "NetMQ_Sub", "NetMQ_Sub\NetMQ_Sub.csproj", "{A596928E-0724-4EE3-A429-CA545BB27633}"
EndProject
Global
	GlobalSection(SolutionConfigurationPlatforms) = preSolution
		Debug|Any CPU = Debug|Any CPU
		Release|Any CPU = Release|Any CPU
	EndGlobalSection
	GlobalSection(ProjectConfigurationPlatforms) = postSolution
		{4ADC4597-BC52-4F83-BD32-A7FD4E15CF5F}.Debug|Any CPU.ActiveCfg = Debug|Any CPU
		{4ADC4597-BC52-4F83-BD32-A7FD4E15CF5F}.Debug|Any CPU.Build.0 = Debug|Any CPU
		{4ADC4597-BC52-4F83-BD32-A7FD4E15CF5F}.Release|Any CPU.ActiveCfg = Release|Any CPU
		{4ADC4597-BC52-4F83-BD32-A7FD4E15CF5F}.Release|Any CPU.Build.0 = Release|Any CPU
		{5D7EA24C-6CB9-45EF-A0B1-BB8C486ED148}.Debug|Any CPU.ActiveCfg = Debug|Any CPU
		{5D7EA24C-6CB9-45EF-A0B1-BB8C486ED148}.Debug|Any CPU.Build.0 = Debug|Any CPU
		{5D7EA24C-6CB9-45EF-A0B1-BB8C486ED148}.Release|Any CPU.ActiveCfg = Release|Any CPU
		{5D7EA24C-6CB9-45EF-A0B1-BB8C486ED148}.Release|Any CPU.Build.0 = Release|Any CPU
		{AA47F7F6-D7B6-4885-A08B-EFEA0B7C4919}.Debug|Any CPU.ActiveCfg = Debug|Any CPU
		{AA47F7F6-D7B6-4885-A08B-EFEA0B7C4919}.Debug|Any CPU.Build.0 = Debug|Any CPU
		{AA47F7F6-D7B6-4885-A08B-EFEA0B7C4919}.Release|Any CPU.ActiveCfg = Release|Any CPU
		{AA47F7F6-D7B6-4885-A08B-EFEA0B7C4919}.Release|Any CPU.Build.0 = Release|Any CPU
		{A596928E-0724-4EE3-A429-CA545BB27633}.Debug|Any CPU.ActiveCfg = Debug|Any CPU
		{A596928E-0724-4EE3-A429-CA545BB27633}.Debug|Any CPU.Build.0 = Debug|Any CPU
		{A596928E-0724-4EE3-A429-CA545BB27633}.Release|Any CPU.ActiveCfg = Release|Any CPU
		{A596928E-0724-4EE3-A429-CA545BB27633}.Release|Any CPU.Build.0 = Release|Any CPU
	EndGlobalSection
	GlobalSection(SolutionProperties) = preSolution
		HideSolutionNode = FALSE
	EndGlobalSection
EndGlobal
